
Microsoft Visual Studio Solution File, Format Version 12.00
# Visual Studio Version 16
VisualStudioVersion = 16.0.32602.291
MinimumVisualStudioVersion = 10.0.40219.1
Project("{FAE04EC0-301F-11D3-BF4B-00C04F79EFBC}") = "xmlOrnegi", "xmlOrnegi\xmlOrnegi.csproj", "{FE3FC298-36CF-4DD2-A784-4D9928B8F695}"
EndProject
Global
	GlobalSection(SolutionConfigurationPlatforms) = preSolution
		Debug|Any CPU = Debug|Any CPU
		Release|Any CPU = Release|Any CPU
	EndGlobalSection
	GlobalSection(ProjectConfigurationPlatforms) = postSolution
		{FE3FC298-36CF-4DD2-A784-4D9928B8F695}.Debug|Any CPU.ActiveCfg = Debug|Any CPU
		{FE3FC298-36CF-4DD2-A784-4D9928B8F695}.Debug|Any CPU.Build.0 = Debug|Any CPU
		{FE3FC298-36CF-4DD2-A784-4D9928B8F695}.Release|Any CPU.ActiveCfg = Release|Any CPU
		{FE3FC298-36CF-4DD2-A784-4D9928B8F695}.Release|Any CPU.Build.0 = Release|Any CPU
	EndGlobalSection
	GlobalSection(SolutionProperties) = preSolution
		HideSolutionNode = FALSE
	EndGlobalSection
	GlobalSection(ExtensibilityGlobals) = postSolution
		SolutionGuid = {577AA49C-F3E9-489B-BF22-DFF65B0FA158}
	EndGlobalSection
EndGlobal
